
Microsoft Visual Studio Solution File, Format Version 12.00
# Visual Studio 15
VisualStudioVersion = 15.0.28307.1340
MinimumVisualStudioVersion = 10.0.40219.1
Project("{FAE04EC0-301F-11D3-BF4B-00C04F79EFBC}") = "IterativeStatements", "IterativeStatements\IterativeStatements.csproj", "{2C1A4497-CBF7-428F-B991-BE516A89F6A5}"
EndProject
Global
	GlobalSection(SolutionConfigurationPlatforms) = preSolution
		Debug|Any CPU = Debug|Any CPU
		Release|Any CPU = Release|Any CPU
	EndGlobalSection
	GlobalSection(ProjectConfigurationPlatforms) = postSolution
		{2C1A4497-CBF7-428F-B991-BE516A89F6A5}.Debug|Any CPU.ActiveCfg = Debug|Any CPU
		{2C1A4497-CBF7-428F-B991-BE516A89F6A5}.Debug|Any CPU.Build.0 = Debug|Any CPU
		{2C1A4497-CBF7-428F-B991-BE516A89F6A5}.Release|Any CPU.ActiveCfg = Release|Any CPU
		{2C1A4497-CBF7-428F-B991-BE516A89F6A5}.Release|Any CPU.Build.0 = Release|Any CPU
	EndGlobalSection
	GlobalSection(SolutionProperties) = preSolution
		HideSolutionNode = FALSE
	EndGlobalSection
	GlobalSection(ExtensibilityGlobals) = postSolution
		SolutionGuid = {88052A37-413E-49BA-A1E6-2FC3349800D2}
	EndGlobalSection
EndGlobal
